
Microsoft Visual Studio Solution File, Format Version 12.00
# Visual Studio Version 17
VisualStudioVersion = 17.14.36401.2 d17.14
MinimumVisualStudioVersion = 10.0.40219.1
Project("{FAE04EC0-301F-11D3-BF4B-00C04F79EFBC}") = "RestaurantOrderingSystem", "RestaurantOrderingSystem\RestaurantOrderingSystem.csproj", "{155FEAA7-EA8A-49E8-A22F-97AF890DBEFF}"
EndProject
Global
	GlobalSection(SolutionConfigurationPlatforms) = preSolution
		Debug|Any CPU = Debug|Any CPU
		Release|Any CPU = Release|Any CPU
	EndGlobalSection
	GlobalSection(ProjectConfigurationPlatforms) = postSolution
		{155FEAA7-EA8A-49E8-A22F-97AF890DBEFF}.Debug|Any CPU.ActiveCfg = Debug|Any CPU
		{155FEAA7-EA8A-49E8-A22F-97AF890DBEFF}.Debug|Any CPU.Build.0 = Debug|Any CPU
		{155FEAA7-EA8A-49E8-A22F-97AF890DBEFF}.Release|Any CPU.ActiveCfg = Release|Any CPU
		{155FEAA7-EA8A-49E8-A22F-97AF890DBEFF}.Release|Any CPU.Build.0 = Release|Any CPU
	EndGlobalSection
	GlobalSection(SolutionProperties) = preSolution
		HideSolutionNode = FALSE
	EndGlobalSection
	GlobalSection(ExtensibilityGlobals) = postSolution
		SolutionGuid = {4B30A5D2-04EB-4E13-B112-0B37EE8AB482}
	EndGlobalSection
EndGlobal
